DEPENDENCIES
  apache2 (~> 3.2.2)
  aws (~> 2.9.3)
  awscli
    path: cookbooks/awscli
  build-essential (~> 2.0)
  freebsd (~> 0.1.9)
  gunicorn (~> 1.1.2)
  logrotate (~> 1.9.2)
  memcached (~> 1.7.2)
  mu-activedirectory
    path: cookbooks/mu-activedirectory
  mu-demo
    path: cookbooks/mu-demo
  mu-firewall
    path: cookbooks/mu-firewall
  mu-glusterfs
    path: cookbooks/mu-glusterfs
  mu-jenkins
    path: cookbooks/mu-jenkins
  mu-master
    path: cookbooks/mu-master
  mu-mongo
    path: cookbooks/mu-mongo
  mu-openvpn
    path: cookbooks/mu-openvpn
  mu-php54
    path: cookbooks/mu-php54
  mu-splunk
    path: cookbooks/mu-splunk
  mu-tools
    path: cookbooks/mu-tools
  mu-utility
    path: cookbooks/mu-utility
  mysql-chef_gem
    path: cookbooks/mysql-chef_gem
  nagios
    path: cookbooks/nagios
  nginx (~> 2.7.6)
  python
    path: cookbooks/python
  runit (~> 1.7)
  s3fs
    path: cookbooks/s3fs
  zipfile (~> 0.1.0)

GRAPH
  7-zip (1.0.2)
    windows (>= 1.2.2)
  apache2 (3.2.2)
  apt (2.9.2)
  aws (2.9.3)
    ohai (>= 2.1.0)
  awscli (0.2.1)
  bind (1.3.0)
  bind9-ng (0.1.0)
  bluepill (2.4.3)
    rsyslog (>= 2.0)
  build-essential (2.4.0)
    7-zip (>= 0.0.0)
  chef-sugar (3.4.0)
  chef-vault (3.0.0)
    compat_resource (>= 12.16.3)
  chef_nginx (2.9.0)
    apt (>= 0.0.0)
    bluepill (>= 0.0.0)
    build-essential (>= 0.0.0)
    ohai (< 4.0)
    runit (>= 1.6.0)
    yum (>= 0.0.0)
    yum-epel (>= 0.0.0)
    zypper (>= 0.0.0)
  compat_resource (12.19.0)
  consul (2.3.0)
    build-essential (>= 0.0.0)
    firewall (~> 2.0)
    golang (>= 0.0.0)
    nssm (>= 0.0.0)
    poise (~> 2.2)
    poise-archive (~> 1.3)
    poise-service (~> 1.4)
  consul-cluster (2.0.0)
    consul (~> 2.1)
    ssl_certificate (~> 1.11)
  cpan (0.0.37)
  database (6.1.1)
    postgresql (>= 1.0.0)
  dmg (4.0.0)
  dpkg_autostart (0.2.0)
  firewall (2.6.2)
    chef-sugar (>= 0.0.0)
  freebsd (0.1.10)
  git (6.1.0)
    build-essential (>= 0.0.0)
    dmg (>= 0.0.0)
    yum-epel (>= 0.0.0)
  golang (1.7.0)
  gunicorn (1.1.6)
    python (>= 0.0.0)
  hashicorp-vault (2.5.0)
    build-essential (>= 0.0.0)
    golang (~> 1.7)
    poise (~> 2.6)
    poise-service (~> 1.1)
    rubyzip (~> 1.0)
  homebrew (4.2.0)
  java (1.50.0)
    apt (>= 0.0.0)
    homebrew (>= 0.0.0)
    windows (>= 0.0.0)
  jenkins (5.0.1)
    compat_resource (>= 12.16.3)
    dpkg_autostart (>= 0.0.0)
    runit (>= 1.7)
  logrotate (1.9.2)
  memcached (1.7.2)
    runit (~> 1.0)
    yum (~> 3.0)
    yum-epel (>= 0.0.0)
  mongodb (0.16.2)
    apt (>= 1.8.2)
    python (>= 0.0.0)
    runit (>= 1.5.0)
    yum (>= 3.0)
  mu-activedirectory (0.1.0)
    chef-vault (>= 0.0.0)
    python (>= 0.0.0)
    windows (>= 0.0.0)
    yum-epel (>= 0.0.0)
  mu-demo (0.1.0)
    apache2 (>= 0.0.0)
    git (>= 0.0.0)
    java (>= 0.0.0)
    tomcat (>= 0.0.0)
  mu-firewall (0.1.0)
    firewall (>= 0.0.0)
  mu-glusterfs (0.1.0)
    mu-firewall (>= 0.0.0)
    yum (>= 0.0.0)
  mu-jenkins (0.6.0)
    chef-vault (>= 0.0.0)
    java (>= 0.0.0)
    jenkins (~> 5.0.1)
    mu-master (>= 0.0.0)
    mu-utility (>= 0.0.0)
  mu-master (0.9.0)
    bind (>= 0.0.0)
    bind9-ng (>= 0.0.0)
    consul-cluster (>= 0.0.0)
    mu-activedirectory (>= 0.0.0)
    mu-firewall (>= 0.0.0)
    mu-tools (>= 0.0.0)
    mu-utility (>= 0.0.0)
    nagios (>= 0.0.0)
    nrpe (>= 0.0.0)
    postfix (>= 0.0.0)
    s3fs (>= 0.0.0)
    vault-cluster (>= 0.0.0)
  mu-mongo (0.5.0)
    mongodb (>= 0.0.0)
  mu-openvpn (0.1.0)
    chef-vault (>= 0.0.0)
    mu-firewall (>= 0.0.0)
    mu-utility (>= 0.0.0)
  mu-php54 (0.3.0)
    apache2 (>= 0.0.0)
    build-essential (>= 0.0.0)
    mu-utility (>= 0.0.0)
    mysql (>= 0.0.0)
    simple_iptables (>= 0.0.0)
    yum-epel (>= 0.0.0)
  mu-splunk (1.3.0)
    chef-vault (>= 1.0.4)
  mu-tools (1.0.4)
    build-essential (>= 0.0.0)
    chef-vault (>= 0.0.0)
    database (>= 0.0.0)
    java (>= 0.0.0)
    mu-firewall (>= 0.0.0)
    mu-splunk (>= 0.0.0)
    mu-utility (>= 0.0.0)
    nagios (>= 0.0.0)
    oracle-instantclient (>= 0.0.0)
    postgresql (>= 0.0.0)
    python (>= 0.0.0)
    windows (>= 0.0.0)
    yum-epel (>= 0.0.0)
  mu-utility (0.6.0)
    windows (>= 0.0.0)
  mysql (8.4.0)
  mysql-chef_gem (0.0.5)
    build-essential (>= 0.0.0)
    mysql (>= 0.0.0)
  nagios (7.2.7)
    apache2 (>= 2.0)
    build-essential (>= 0.0.0)
    chef_nginx (>= 0.0.0)
    nginx_simplecgi (>= 0.0.0)
    nrpe (>= 0.0.0)
    php (>= 0.0.0)
    yum-epel (>= 0.0.0)
    zap (>= 0.6.0)
  nginx (2.7.6)
    apt (~> 2.2)
    bluepill (~> 2.3)
    build-essential (~> 2.0)
    ohai (~> 2.0)
    runit (~> 1.2)
    yum-epel (~> 0.3)
  nginx_simplecgi (0.1.2)
    bluepill (>= 0.0.0)
    nginx (>= 0.0.0)
    perl (>= 0.0.0)
    runit (>= 0.0.0)
  nrpe (2.0.0)
    build-essential (>= 0.0.0)
    yum-epel (>= 0.0.0)
  nssm (3.0.0)
  ohai (2.1.0)
  openssl (7.1.0)
  oracle-instantclient (1.1.0)
    build-essential (>= 0.0.0)
    cpan (>= 0.0.0)
    php (>= 0.0.0)
  packagecloud (0.3.0)
  perl (5.1.0)
    windows (>= 0.0.0)
  php (4.2.0)
    build-essential (>= 0.0.0)
    mysql (>= 6.0.0)
    xml (>= 0.0.0)
    yum-epel (>= 0.0.0)
  poise (2.8.1)
  poise-archive (1.5.0)
    poise (~> 2.6)
  poise-service (1.5.2)
    poise (~> 2.0)
  postfix (5.0.2)
  postgresql (6.1.1)
    build-essential (>= 2.0.0)
    compat_resource (>= 12.16.3)
    openssl (>= 4.0)
  python (1.4.7)
    build-essential (>= 0.0.0)
    yum-epel (>= 0.0.0)
  rsyslog (6.0.1)
  rubyzip (1.3.1)
    poise (~> 2.2)
  runit (1.8.0)
    packagecloud (>= 0.0.0)
    yum-epel (>= 0.0.0)
  s3fs (0.2.0)
    build-essential (>= 0.0.0)
    mu-utility (>= 0.0.0)
  simple_iptables (0.8.0)
  ssl_certificate (1.12.0)
  tomcat (2.5.1)
    compat_resource (>= 12.16)
  vault-cluster (2.1.0)
    consul-cluster (~> 2.0)
    hashicorp-vault (~> 2.1)
    ssl_certificate (~> 1.11)
  windows (2.0.2)
  xml (3.1.2)
    build-essential (>= 0.0.0)
  yum (3.13.0)
  yum-epel (0.7.1)
    yum (>= 3.6.3)
  zap (0.15.0)
  zipfile (0.1.0)
  zypper (0.4.0)
