DEPENDENCIES
  apache2 (~> 3.2.2)
  aws (~> 2.9.3)
  awscli
    path: cookbooks/awscli
  chef-splunk
    path: cookbooks/chef-splunk
  demo
    path: site_cookbooks/demo
  ec2-s3-api-tools
    path: cookbooks/ec2-s3-api-tools
  freebsd (~> 0.1.9)
  gunicorn (~> 1.1.2)
  logrotate (~> 1.9.2)
  memcached (~> 1.7.2)
  mu-activedirectory
    path: cookbooks/mu-activedirectory
  mu-demo
    path: cookbooks/mu-demo
  mu-glusterfs
    path: cookbooks/mu-glusterfs
  mu-jenkins
    path: cookbooks/mu-jenkins
  mu-master
    path: cookbooks/mu-master
  mu-mongo
    path: cookbooks/mu-mongo
  mu-openvpn
    path: cookbooks/mu-openvpn
  mu-php54
    path: cookbooks/mu-php54
  mu-tools
    path: cookbooks/mu-tools
  mu-utility
    path: cookbooks/mu-utility
  mysql-chef_gem
    path: cookbooks/mysql-chef_gem
  nagios
    path: cookbooks/nagios
  nginx-passenger
    path: cookbooks/nginx-passenger
  pacman (~> 1.1.1)
  passenger_apache2 (~> 2.1.2)
  python
    path: cookbooks/python
  ruby-cookbook
    path: cookbooks/ruby-cookbook
  rvm
    path: cookbooks/rvm
  s3fs
    path: cookbooks/s3fs
  supervisor (~> 0.4.12)
  tar (~> 0.7.0)
  tomcat
    path: cookbooks/tomcat
  unicorn (~> 1.3.0)
  xfs (~> 1.1.0)
  zipfile (~> 0.1.0)

GRAPH
  7-zip (1.0.2)
    windows (>= 1.2.2)
  apache2 (3.2.2)
  application (5.1.0)
    poise (~> 2.4)
    poise-service (~> 1.0)
  application_python (4.0.0)
    application (~> 5.0)
    poise (~> 2.0)
    poise-python (~> 1.0)
    poise-service (~> 1.0)
  application_ruby (4.0.1)
    application (~> 5.0)
    poise (~> 2.0)
    poise-ruby (~> 2.1)
    poise-service (~> 1.0)
  apt (2.9.2)
  ark (1.2.0)
    build-essential (>= 0.0.0)
    seven_zip (>= 0.0.0)
    windows (>= 0.0.0)
  aws (2.9.3)
    ohai (>= 2.1.0)
  awscli (0.2.1)
  bind (1.1.2)
  bind9-ng (0.1.0)
  bluepill (2.4.3)
    rsyslog (>= 2.0)
  build-essential (2.4.0)
    7-zip (>= 0.0.0)
  chef-splunk (1.3.0)
    chef-vault (>= 1.0.4)
  chef-sugar (3.4.0)
  chef-vault (1.3.3)
  chef_handler (1.4.0)
  compat_resource (12.10.7)
  cpan (0.0.34)
  database (5.1.2)
    postgresql (>= 1.0.0)
  demo (0.3.0)
    application (>= 0.0.0)
    application_python (>= 0.0.0)
    application_ruby (>= 0.0.0)
    git (>= 0.0.0)
    mysql (>= 0.0.0)
    nginx (>= 0.0.0)
    nodejs (>= 0.0.0)
    php (>= 0.0.0)
    ruby_build (>= 0.0.0)
  dmg (2.4.0)
  ec2-s3-api-tools (0.1.0)
  freebsd (0.1.10)
  git (4.6.0)
    build-essential (>= 0.0.0)
    dmg (>= 0.0.0)
    windows (>= 0.0.0)
    yum-epel (>= 0.0.0)
  gunicorn (1.1.6)
    python (>= 0.0.0)
  homebrew (2.1.0)
    build-essential (>= 2.1.2)
  iis (4.1.10)
    windows (>= 1.34.6)
  java (1.41.0)
    apt (>= 0.0.0)
    homebrew (>= 0.0.0)
    windows (>= 0.0.0)
  jenkins (2.6.0)
    apt (>= 2.0)
    runit (~> 1.7)
    yum (~> 3.0)
  logrotate (1.9.2)
  memcached (1.7.2)
    runit (~> 1.0)
    yum (~> 3.0)
    yum-epel (>= 0.0.0)
  mongodb (0.16.2)
    apt (>= 1.8.2)
    python (>= 0.0.0)
    runit (>= 1.5.0)
    yum (>= 3.0)
  mu-activedirectory (0.1.0)
    chef-vault (>= 0.0.0)
    mu-tools (>= 0.0.0)
    python (>= 0.0.0)
    windows (>= 0.0.0)
    yum-epel (>= 0.0.0)
  mu-demo (0.1.0)
    apache2 (>= 0.0.0)
    git (>= 0.0.0)
    java (>= 0.0.0)
    tomcat (>= 0.0.0)
  mu-glusterfs (0.1.0)
    yum (>= 0.0.0)
  mu-jenkins (0.4.0)
    chef-vault (>= 0.0.0)
    java (>= 0.0.0)
    jenkins (>= 0.0.0)
    mu-utility (>= 0.0.0)
  mu-master (0.8.1)
    bind (>= 0.0.0)
    bind9-ng (>= 0.0.0)
    jenkins (>= 0.0.0)
    mu-activedirectory (>= 0.0.0)
    mu-jenkins (>= 0.0.0)
    mu-tools (>= 0.0.0)
    mu-utility (>= 0.0.0)
    nagios (>= 0.0.0)
    nrpe (>= 0.0.0)
    postfix (>= 0.0.0)
    s3fs (>= 0.0.0)
  mu-mongo (0.5.0)
    mongodb (>= 0.0.0)
  mu-openvpn (0.1.0)
    chef-vault (>= 0.0.0)
    mu-utility (>= 0.0.0)
  mu-php54 (0.3.0)
    apache2 (>= 0.0.0)
    build-essential (>= 0.0.0)
    mu-utility (>= 0.0.0)
    mysql (>= 0.0.0)
    simple_iptables (>= 0.0.0)
    yum-epel (>= 0.0.0)
  mu-tools (1.0.4)
    build-essential (>= 0.0.0)
    chef-splunk (>= 0.0.0)
    chef-vault (>= 0.0.0)
    database (>= 0.0.0)
    java (>= 0.0.0)
    mu-utility (>= 0.0.0)
    nagios (>= 0.0.0)
    oracle-instantclient (>= 0.0.0)
    postgresql (>= 0.0.0)
    python (>= 0.0.0)
    windows (>= 0.0.0)
    yum-epel (>= 0.0.0)
  mu-utility (0.6.0)
    apache2 (>= 0.0.0)
    chef-vault (>= 0.0.0)
    windows (>= 0.0.0)
    yum (>= 0.0.0)
    yum-epel (>= 0.0.0)
  mysql (8.0.1)
  mysql-chef_gem (0.0.5)
    build-essential (>= 0.0.0)
    mysql (>= 0.0.0)
  nagios (7.2.6)
    apache2 (>= 2.0)
    build-essential (>= 0.0.0)
    nginx (>= 0.0.0)
    nginx_simplecgi (>= 0.0.0)
    nrpe (>= 0.0.0)
    php (>= 0.0.0)
    yum-epel (>= 0.0.0)
    zap (>= 0.6.0)
  nginx (2.7.6)
    apt (~> 2.2)
    bluepill (~> 2.3)
    build-essential (~> 2.0)
    ohai (~> 2.0)
    runit (~> 1.2)
    yum-epel (~> 0.3)
  nginx-passenger (0.1.0)
  nginx_simplecgi (0.1.2)
    bluepill (>= 0.0.0)
    nginx (>= 0.0.0)
    perl (>= 0.0.0)
    runit (>= 0.0.0)
  nodejs (2.4.4)
    apt (>= 0.0.0)
    ark (>= 0.0.0)
    build-essential (>= 0.0.0)
    homebrew (>= 0.0.0)
    yum-epel (>= 0.0.0)
  nrpe (1.6.0)
    build-essential (>= 0.0.0)
    yum-epel (>= 0.0.0)
  ohai (2.1.0)
  openssl (4.4.0)
    chef-sugar (>= 3.1.1)
  oracle-instantclient (1.1.0)
    build-essential (>= 0.0.0)
    cpan (>= 0.0.0)
    php (>= 0.0.0)
  packagecloud (0.2.4)
  pacman (1.1.1)
  passenger_apache2 (2.1.2)
    apache2 (>= 1.0.4)
    build-essential (>= 0.0.0)
  perl (3.0.0)
    windows (>= 0.0.0)
  php (1.9.0)
    build-essential (>= 0.0.0)
    iis (>= 0.0.0)
    mysql (>= 6.0.0)
    windows (>= 1.39.1)
    xml (>= 0.0.0)
    yum-epel (>= 0.0.0)
  poise (2.7.1)
  poise-archive (1.2.0)
    poise (~> 2.6)
  poise-languages (1.4.0)
    poise (~> 2.5)
    poise-archive (~> 1.0)
  poise-python (1.4.0)
    poise (~> 2.7)
    poise-languages (~> 1.3)
  poise-ruby (2.1.1)
    poise (~> 2.0)
    poise-languages (~> 1.2)
  poise-service (1.4.0)
    poise (~> 2.0)
  postfix (3.8.0)
  postgresql (4.0.6)
    apt (>= 1.9.0)
    build-essential (>= 0.0.0)
    openssl (~> 4.0)
  python (1.4.7)
    build-essential (>= 0.0.0)
    yum-epel (>= 0.0.0)
  rsyslog (4.0.1)
    compat_resource (>= 0.0.0)
  ruby-cookbook (0.9.2)
  ruby_build (1.0.0)
    yum-epel (>= 0.0.0)
  runit (1.8.0)
    packagecloud (>= 0.0.0)
    yum-epel (>= 0.0.0)
  rvm (0.1.0)
  s3fs (0.2.0)
    build-essential (>= 0.0.0)
    mu-utility (>= 0.0.0)
  seven_zip (2.0.1)
    windows (>= 1.2.2)
  simple_iptables (0.7.5)
  supervisor (0.4.12)
    python (>= 0.0.0)
  tar (0.7.0)
  tomcat (1.0.1)
    java (>= 0.0.0)
    openssl (>= 0.0.0)
    yum-epel (>= 0.0.0)
  unicorn (1.3.0)
  windows (1.44.1)
    chef_handler (>= 0.0.0)
  xfs (1.1.1)
  xml (2.0.0)
    build-essential (>= 0.0.0)
    chef-sugar (>= 0.0.0)
  yum (3.11.0)
  yum-epel (0.7.0)
    yum (>= 3.6.3)
  zap (0.11.4)
  zipfile (0.1.0)
