DEPENDENCIES
  apache2 (~> 3.1.0)
  application (~> 3.0.0)
  application_python (~> 3.0.0)
  application_ruby (~> 2.1.4)
  apt (~> 2.9.2)
  aws (~> 2.9.3)
  awscli
    path: cookbooks/awscli
  bind (~> 1.1.2)
  bind9-ng (~> 0.1.0)
  bluepill (~> 2.3.1)
  build-essential (~> 2.3.1)
  chef-splunk
    path: cookbooks/chef-splunk
  chef-sugar (~> 3.3.0)
  chef-vault (~> 1.3.3)
  chef_handler (~> 1.3.0)
  database (~> 4.0.9)
  demo
    path: site_cookbooks/demo
  dmg (~> 2.2.0)
  ec2-s3-api-tools
    path: cookbooks/ec2-s3-api-tools
  freebsd (~> 0.1.9)
  git (~> 4.3.7)
  gunicorn (~> 1.1.2)
  iis (~> 4.1.1)
  iptables (~> 1.0.0)
  java (~> 1.39.0)
  jenkins (~> 2.4.1)
  logrotate (~> 1.9.2)
  memcached (~> 1.7.2)
  mongodb (~> 0.16.2)
  mu-activedirectory
    path: cookbooks/mu-activedirectory
  mu-jenkins
    path: cookbooks/mu-jenkins
  mu-master
    path: cookbooks/mu-master
  mu-openvpn
    path: cookbooks/mu-openvpn
  mu-php54
    path: cookbooks/mu-php54
  mu-tools
    path: cookbooks/mu-tools
  mu-utility
    path: cookbooks/mu-utility
  mysql (~> 6.1.3)
  nagios
    path: cookbooks/nagios
  nginx (~> 2.7.6)
  nginx-passenger
    path: cookbooks/nginx-passenger
  nginx_simplecgi (~> 0.1.2)
  nodejs (~> 2.4.4)
  nrpe (~> 1.5.2)
  ohai (~> 2.1.0)
  openssl (~> 4.4.0)
  oracle-instantclient (~> 1.1.0)
  pacman (~> 1.1.1)
  passenger_apache2 (~> 2.1.2)
  perl (~> 1.2.2)
  php (~> 1.4.6)
  postfix (~> 3.7.0)
  postgresql (~> 3.4)
  python
    path: cookbooks/python
  rsyslog (~> 2.1.0)
  ruby-cookbook
    path: cookbooks/ruby-cookbook
  ruby_build (~> 0.8.0)
  runit (~> 1.7.2)
  rvm
    path: cookbooks/rvm
  s3fs
    path: cookbooks/s3fs
  simple_iptables (~> 0.7.2)
  supervisor (~> 0.4.12)
  tomcat
    path: cookbooks/tomcat
  unicorn (~> 1.3.0)
  windows (~> 1.39.1)
  xfs (~> 1.1.0)
  xml (~> 1.2.4)
  yum (~> 3.10.0)
  yum-epel (~> 0.6.6)

GRAPH
  7-zip (1.0.2)
    windows (>= 1.2.2)
  apache2 (3.1.0)
  application (3.0.0)
  application_python (3.0.0)
    application (~> 3.0)
    gunicorn (>= 0.0.0)
    python (>= 0.0.0)
    supervisor (>= 0.0.0)
  application_ruby (2.1.4)
    apache2 (>= 0.0.0)
    application (~> 3.0)
    logrotate (~> 1.0)
    passenger_apache2 (>= 0.0.0)
    runit (~> 1.0)
    unicorn (>= 0.0.0)
  apt (2.9.2)
  ark (1.0.1)
    build-essential (>= 0.0.0)
    seven_zip (>= 0.0.0)
    windows (>= 0.0.0)
  aws (2.9.3)
    ohai (>= 2.1.0)
  awscli (0.2.1)
  bind (1.1.2)
  bind9-ng (0.1.0)
  bluepill (2.3.1)
    rsyslog (>= 0.0.0)
  build-essential (2.3.1)
    7-zip (>= 0.0.0)
  chef-splunk (1.3.0)
    chef-vault (>= 1.0.4)
  chef-sugar (3.3.0)
  chef-vault (1.3.3)
  chef_handler (1.3.0)
  cpan (0.0.34)
  database (4.0.9)
    postgresql (>= 1.0.0)
  demo (0.3.0)
    application (>= 0.0.0)
    application_python (>= 0.0.0)
    application_ruby (>= 0.0.0)
    git (>= 0.0.0)
    mysql (>= 0.0.0)
    nginx (>= 0.0.0)
    nodejs (>= 0.0.0)
    php (>= 0.0.0)
    ruby_build (>= 0.0.0)
  dmg (2.2.2)
  ec2-s3-api-tools (0.1.0)
  freebsd (0.1.10)
  git (4.3.7)
    build-essential (>= 0.0.0)
    dmg (>= 0.0.0)
    windows (>= 0.0.0)
    yum-epel (>= 0.0.0)
  gunicorn (1.1.6)
    python (>= 0.0.0)
  homebrew (2.0.5)
    build-essential (>= 2.1.2)
  iis (4.1.6)
    windows (>= 1.34.6)
  iptables (1.0.0)
  java (1.39.0)
    apt (>= 0.0.0)
  jenkins (2.4.1)
    apt (~> 2.0)
    runit (~> 1.5)
    yum (~> 3.0)
  logrotate (1.9.2)
  memcached (1.7.2)
    runit (~> 1.0)
    yum (~> 3.0)
    yum-epel (>= 0.0.0)
  mongodb (0.16.2)
    apt (>= 1.8.2)
    python (>= 0.0.0)
    runit (>= 1.5.0)
    yum (>= 3.0)
  mu-activedirectory (0.1.0)
    chef-vault (>= 0.0.0)
    mu-tools (>= 0.0.0)
    python (>= 0.0.0)
    windows (>= 0.0.0)
    yum-epel (>= 0.0.0)
  mu-jenkins (0.4.0)
    chef-vault (>= 0.0.0)
    java (>= 0.0.0)
    jenkins (>= 0.0.0)
    mu-master (>= 0.0.0)
    mu-utility (>= 0.0.0)
  mu-master (0.8.1)
    bind (>= 0.0.0)
    bind9-ng (>= 0.0.0)
    jenkins (>= 0.0.0)
    mu-activedirectory (>= 0.0.0)
    mu-jenkins (>= 0.0.0)
    mu-tools (>= 0.0.0)
    mu-utility (>= 0.0.0)
    nagios (>= 0.0.0)
    nrpe (>= 0.0.0)
    postfix (>= 0.0.0)
    s3fs (>= 0.0.0)
  mu-openvpn (0.1.0)
    chef-vault (>= 0.0.0)
    mu-utility (>= 0.0.0)
  mu-php54 (0.3.0)
    apache2 (>= 0.0.0)
    build-essential (>= 0.0.0)
    mu-utility (>= 0.0.0)
    mysql (>= 0.0.0)
    simple_iptables (>= 0.0.0)
    yum-epel (>= 0.0.0)
  mu-tools (1.0.4)
    build-essential (>= 0.0.0)
    chef-splunk (>= 0.0.0)
    chef-vault (>= 0.0.0)
    database (>= 0.0.0)
    java (>= 0.0.0)
    mu-activedirectory (>= 0.0.0)
    mu-utility (>= 0.0.0)
    nagios (>= 0.0.0)
    oracle-instantclient (>= 0.0.0)
    postgresql (>= 0.0.0)
    python (>= 0.0.0)
    windows (>= 0.0.0)
    yum-epel (>= 0.0.0)
  mu-utility (0.6.0)
    apache2 (>= 0.0.0)
    chef-vault (>= 0.0.0)
    windows (>= 0.0.0)
    yum (>= 0.0.0)
    yum-epel (>= 0.0.0)
  mysql (6.1.3)
    smf (>= 0.0.0)
    yum-mysql-community (>= 0.0.0)
  nagios (7.2.5)
    apache2 (>= 2.0.0)
    build-essential (>= 0.0.0)
    nginx (>= 0.0.0)
    nginx_simplecgi (>= 0.0.0)
    nrpe (>= 0.0.0)
    php (>= 0.0.0)
    yum-epel (>= 0.0.0)
    zap (>= 0.6.0)
  nginx (2.7.6)
    apt (~> 2.2)
    bluepill (~> 2.3)
    build-essential (~> 2.0)
    ohai (~> 2.0)
    runit (~> 1.2)
    yum-epel (~> 0.3)
  nginx-passenger (0.1.0)
  nginx_simplecgi (0.1.2)
    bluepill (>= 0.0.0)
    nginx (>= 0.0.0)
    perl (>= 0.0.0)
    runit (>= 0.0.0)
  nodejs (2.4.4)
    apt (>= 0.0.0)
    ark (>= 0.0.0)
    build-essential (>= 0.0.0)
    homebrew (>= 0.0.0)
    yum-epel (>= 0.0.0)
  nrpe (1.5.2)
    build-essential (>= 0.0.0)
    yum-epel (>= 0.0.0)
  ohai (2.1.0)
  openssl (4.4.0)
    chef-sugar (>= 3.1.1)
  oracle-instantclient (1.1.0)
    build-essential (>= 0.0.0)
    cpan (>= 0.0.0)
    php (>= 0.0.0)
  packagecloud (0.2.0)
  pacman (1.1.1)
  passenger_apache2 (2.1.2)
    apache2 (>= 1.0.4)
    build-essential (>= 0.0.0)
  perl (1.2.4)
  php (1.4.6)
    build-essential (>= 0.0.0)
    iis (>= 0.0.0)
    mysql (>= 0.0.0)
    windows (>= 0.0.0)
    xml (>= 0.0.0)
    yum-epel (>= 0.0.0)
  postfix (3.7.0)
  postgresql (3.4.24)
    apt (>= 1.9.0)
    build-essential (>= 0.0.0)
    openssl (~> 4.0)
  python (1.4.7)
    build-essential (>= 0.0.0)
    yum-epel (>= 0.0.0)
  rbac (1.0.3)
  rsyslog (2.1.0)
  ruby-cookbook (0.9.2)
  ruby_build (0.8.0)
  runit (1.7.6)
    packagecloud (>= 0.0.0)
  rvm (0.1.0)
  s3fs (0.2.0)
    build-essential (>= 0.0.0)
    mu-utility (>= 0.0.0)
  seven_zip (2.0.0)
    windows (>= 1.2.2)
  simple_iptables (0.7.4)
  smf (2.2.8)
    rbac (>= 1.0.1)
  supervisor (0.4.12)
    python (>= 0.0.0)
  tomcat (1.0.1)
    java (>= 0.0.0)
    openssl (>= 0.0.0)
    yum-epel (>= 0.0.0)
  unicorn (1.3.0)
  windows (1.39.2)
    chef_handler (>= 0.0.0)
  xfs (1.1.1)
  xml (1.2.13)
    build-essential (>= 0.0.0)
    chef-sugar (>= 0.0.0)
  yum (3.10.0)
  yum-epel (0.6.6)
    yum (~> 3.10.0)
  yum-mysql-community (0.1.21)
    yum (>= 3.2)
  zap (0.11.2)
